
Microsoft Visual Studio Solution File, Format Version 12.00
Project("{FAE04EC0-301F-11D3-BF4B-00C04F79EFBC}") = "HeroCrabPluginTestsUnit", "HeroCrabPluginTestsUnit\HeroCrabPluginTestsUnit.csproj", "{4F3E63D2-FFF4-48E9-820D-D7477D2E3B8B}"
EndProject
Project("{FAE04EC0-301F-11D3-BF4B-00C04F79EFBC}") = "HeroCrabPluginTestsIntegration", "HeroCrabPluginTestsIntegration\HeroCrabPluginTestsIntegration.csproj", "{0E7E1CAF-C184-4B0B-96F0-3DF20CD101D8}"
EndProject
Project("{FAE04EC0-301F-11D3-BF4B-00C04F79EFBC}") = "HeroCrabPluginTests", "HeroCrabPluginTests.csproj", "{E14BA81F-F454-4A99-8C0E-BFB9442A2001}"
EndProject
Global
	GlobalSection(SolutionConfigurationPlatforms) = preSolution
		Debug|Any CPU = Debug|Any CPU
		Release|Any CPU = Release|Any CPU
	EndGlobalSection
	GlobalSection(ProjectConfigurationPlatforms) = postSolution
		{4F3E63D2-FFF4-48E9-820D-D7477D2E3B8B}.Release|Any CPU.ActiveCfg = Release|Any CPU
		{4F3E63D2-FFF4-48E9-820D-D7477D2E3B8B}.Release|Any CPU.Build.0 = Release|Any CPU
		{4F3E63D2-FFF4-48E9-820D-D7477D2E3B8B}.Debug|Any CPU.ActiveCfg = Debug|Any CPU
		{4F3E63D2-FFF4-48E9-820D-D7477D2E3B8B}.Debug|Any CPU.Build.0 = Debug|Any CPU
		{0E7E1CAF-C184-4B0B-96F0-3DF20CD101D8}.Release|Any CPU.ActiveCfg = Release|Any CPU
		{0E7E1CAF-C184-4B0B-96F0-3DF20CD101D8}.Release|Any CPU.Build.0 = Release|Any CPU
		{0E7E1CAF-C184-4B0B-96F0-3DF20CD101D8}.Debug|Any CPU.ActiveCfg = Debug|Any CPU
		{0E7E1CAF-C184-4B0B-96F0-3DF20CD101D8}.Debug|Any CPU.Build.0 = Debug|Any CPU
		{E14BA81F-F454-4A99-8C0E-BFB9442A2001}.Release|Any CPU.ActiveCfg = Release|x64
		{E14BA81F-F454-4A99-8C0E-BFB9442A2001}.Release|Any CPU.Build.0 = Release|x64
		{E14BA81F-F454-4A99-8C0E-BFB9442A2001}.Debug|Any CPU.ActiveCfg = Debug|Any CPU
		{E14BA81F-F454-4A99-8C0E-BFB9442A2001}.Debug|Any CPU.Build.0 = Debug|Any CPU
	EndGlobalSection
EndGlobal
