Microsoft Visual Studio Solution File, Format Version 12.00
# Visual Studio Version 16
VisualStudioVersion = 16.0.28315.86
MinimumVisualStudioVersion = 10.0.40219.1
Project("{FAE04EC0-301F-11D3-BF4B-00C04F79EFBC}") = "HeroCrabPlugin", "Source\HeroCrabPlugin.csproj", "{98964FF7-CB02-45D1-9C7F-E0982B53890D}"
EndProject
Project("{FAE04EC0-301F-11D3-BF4B-00C04F79EFBC}") = "BuildScripts", "Cache\Projects\BuildScripts.csproj", "{819F28E5-5D36-4C3F-A268-0B1045B0189B}"
EndProject
Global
	GlobalSection(SolutionConfigurationPlatforms) = preSolution
		Debug|Any CPU = Debug|Any CPU
		Debug|UWP_x64 = Debug|UWP_x64
		Debug|Win32 = Debug|Win32
		Debug|Win64 = Debug|Win64
		Editor.Debug|Any CPU = Editor.Debug|Any CPU
		Editor.Debug|UWP_x64 = Editor.Debug|UWP_x64
		Editor.Debug|Win32 = Editor.Debug|Win32
		Editor.Debug|Win64 = Editor.Debug|Win64
		Editor.Development|Any CPU = Editor.Development|Any CPU
		Editor.Development|UWP_x64 = Editor.Development|UWP_x64
		Editor.Development|Win32 = Editor.Development|Win32
		Editor.Development|Win64 = Editor.Development|Win64
		Editor.Release|Any CPU = Editor.Release|Any CPU
		Editor.Release|UWP_x64 = Editor.Release|UWP_x64
		Editor.Release|Win32 = Editor.Release|Win32
		Editor.Release|Win64 = Editor.Release|Win64
		Game.Debug|Any CPU = Game.Debug|Any CPU
		Game.Debug|UWP_x64 = Game.Debug|UWP_x64
		Game.Debug|Win32 = Game.Debug|Win32
		Game.Debug|Win64 = Game.Debug|Win64
		Game.Development|Any CPU = Game.Development|Any CPU
		Game.Development|UWP_x64 = Game.Development|UWP_x64
		Game.Development|Win32 = Game.Development|Win32
		Game.Development|Win64 = Game.Development|Win64
		Game.Release|Any CPU = Game.Release|Any CPU
		Game.Release|UWP_x64 = Game.Release|UWP_x64
		Game.Release|Win32 = Game.Release|Win32
		Game.Release|Win64 = Game.Release|Win64
	EndGlobalSection
	GlobalSection(ProjectConfigurationPlatforms) = postSolution
		{98964FF7-CB02-45D1-9C7F-E0982B53890D}.Debug|Any CPU.ActiveCfg = Editor.Windows.Debug|x64
		{98964FF7-CB02-45D1-9C7F-E0982B53890D}.Debug|UWP_x64.ActiveCfg = Game.UWP.Debug|x64
		{98964FF7-CB02-45D1-9C7F-E0982B53890D}.Debug|Win32.ActiveCfg = Game.Windows.Debug|Win32
		{98964FF7-CB02-45D1-9C7F-E0982B53890D}.Debug|Win64.ActiveCfg = Editor.Windows.Debug|x64
		{98964FF7-CB02-45D1-9C7F-E0982B53890D}.Editor.Debug|Any CPU.ActiveCfg = Editor.Windows.Debug|x64
		{98964FF7-CB02-45D1-9C7F-E0982B53890D}.Editor.Debug|UWP_x64.ActiveCfg = Game.UWP.Debug|x64
		{98964FF7-CB02-45D1-9C7F-E0982B53890D}.Editor.Debug|Win32.ActiveCfg = Game.Windows.Debug|Win32
		{98964FF7-CB02-45D1-9C7F-E0982B53890D}.Editor.Debug|Win64.ActiveCfg = Editor.Windows.Debug|x64
		{98964FF7-CB02-45D1-9C7F-E0982B53890D}.Editor.Debug|Win64.Build.0 = Editor.Windows.Debug|x64
		{98964FF7-CB02-45D1-9C7F-E0982B53890D}.Editor.Development|Any CPU.ActiveCfg = Editor.Windows.Debug|x64
		{98964FF7-CB02-45D1-9C7F-E0982B53890D}.Editor.Development|UWP_x64.ActiveCfg = Game.UWP.Debug|x64
		{98964FF7-CB02-45D1-9C7F-E0982B53890D}.Editor.Development|Win32.ActiveCfg = Game.Windows.Debug|Win32
		{98964FF7-CB02-45D1-9C7F-E0982B53890D}.Editor.Development|Win64.ActiveCfg = Editor.Windows.Development|x64
		{98964FF7-CB02-45D1-9C7F-E0982B53890D}.Editor.Development|Win64.Build.0 = Editor.Windows.Development|x64
		{98964FF7-CB02-45D1-9C7F-E0982B53890D}.Editor.Release|Any CPU.ActiveCfg = Editor.Windows.Debug|x64
		{98964FF7-CB02-45D1-9C7F-E0982B53890D}.Editor.Release|UWP_x64.ActiveCfg = Game.UWP.Debug|x64
		{98964FF7-CB02-45D1-9C7F-E0982B53890D}.Editor.Release|Win32.ActiveCfg = Game.Windows.Debug|Win32
		{98964FF7-CB02-45D1-9C7F-E0982B53890D}.Editor.Release|Win64.ActiveCfg = Editor.Windows.Release|x64
		{98964FF7-CB02-45D1-9C7F-E0982B53890D}.Editor.Release|Win64.Build.0 = Editor.Windows.Release|x64
		{98964FF7-CB02-45D1-9C7F-E0982B53890D}.Game.Debug|Any CPU.ActiveCfg = Editor.Windows.Debug|x64
		{98964FF7-CB02-45D1-9C7F-E0982B53890D}.Game.Debug|UWP_x64.ActiveCfg = Game.UWP.Debug|x64
		{98964FF7-CB02-45D1-9C7F-E0982B53890D}.Game.Debug|UWP_x64.Build.0 = Game.UWP.Debug|x64
		{98964FF7-CB02-45D1-9C7F-E0982B53890D}.Game.Debug|Win32.ActiveCfg = Game.Windows.Debug|Win32
		{98964FF7-CB02-45D1-9C7F-E0982B53890D}.Game.Debug|Win32.Build.0 = Game.Windows.Debug|Win32
		{98964FF7-CB02-45D1-9C7F-E0982B53890D}.Game.Debug|Win64.ActiveCfg = Game.Windows.Debug|x64
		{98964FF7-CB02-45D1-9C7F-E0982B53890D}.Game.Debug|Win64.Build.0 = Game.Windows.Debug|x64
		{98964FF7-CB02-45D1-9C7F-E0982B53890D}.Game.Development|Any CPU.ActiveCfg = Editor.Windows.Debug|x64
		{98964FF7-CB02-45D1-9C7F-E0982B53890D}.Game.Development|UWP_x64.ActiveCfg = Game.UWP.Development|x64
		{98964FF7-CB02-45D1-9C7F-E0982B53890D}.Game.Development|UWP_x64.Build.0 = Game.UWP.Development|x64
		{98964FF7-CB02-45D1-9C7F-E0982B53890D}.Game.Development|Win32.ActiveCfg = Game.Windows.Development|Win32
		{98964FF7-CB02-45D1-9C7F-E0982B53890D}.Game.Development|Win32.Build.0 = Game.Windows.Development|Win32
		{98964FF7-CB02-45D1-9C7F-E0982B53890D}.Game.Development|Win64.ActiveCfg = Game.Windows.Development|x64
		{98964FF7-CB02-45D1-9C7F-E0982B53890D}.Game.Development|Win64.Build.0 = Game.Windows.Development|x64
		{98964FF7-CB02-45D1-9C7F-E0982B53890D}.Game.Release|Any CPU.ActiveCfg = Editor.Windows.Debug|x64
		{98964FF7-CB02-45D1-9C7F-E0982B53890D}.Game.Release|UWP_x64.ActiveCfg = Game.UWP.Release|x64
		{98964FF7-CB02-45D1-9C7F-E0982B53890D}.Game.Release|UWP_x64.Build.0 = Game.UWP.Release|x64
		{98964FF7-CB02-45D1-9C7F-E0982B53890D}.Game.Release|Win32.ActiveCfg = Game.Windows.Release|Win32
		{98964FF7-CB02-45D1-9C7F-E0982B53890D}.Game.Release|Win32.Build.0 = Game.Windows.Release|Win32
		{98964FF7-CB02-45D1-9C7F-E0982B53890D}.Game.Release|Win64.ActiveCfg = Game.Windows.Release|x64
		{98964FF7-CB02-45D1-9C7F-E0982B53890D}.Game.Release|Win64.Build.0 = Game.Windows.Release|x64
		{819F28E5-5D36-4C3F-A268-0B1045B0189B}.Debug|Any CPU.ActiveCfg = Debug|Any CPU
		{819F28E5-5D36-4C3F-A268-0B1045B0189B}.Debug|UWP_x64.ActiveCfg = Debug|Any CPU
		{819F28E5-5D36-4C3F-A268-0B1045B0189B}.Debug|Win32.ActiveCfg = Debug|Any CPU
		{819F28E5-5D36-4C3F-A268-0B1045B0189B}.Debug|Win64.ActiveCfg = Debug|Any CPU
		{819F28E5-5D36-4C3F-A268-0B1045B0189B}.Editor.Debug|Any CPU.ActiveCfg = Debug|Any CPU
		{819F28E5-5D36-4C3F-A268-0B1045B0189B}.Editor.Debug|UWP_x64.ActiveCfg = Debug|Any CPU
		{819F28E5-5D36-4C3F-A268-0B1045B0189B}.Editor.Debug|Win32.ActiveCfg = Debug|Any CPU
		{819F28E5-5D36-4C3F-A268-0B1045B0189B}.Editor.Debug|Win64.ActiveCfg = Debug|Any CPU
		{819F28E5-5D36-4C3F-A268-0B1045B0189B}.Editor.Development|Any CPU.ActiveCfg = Debug|Any CPU
		{819F28E5-5D36-4C3F-A268-0B1045B0189B}.Editor.Development|UWP_x64.ActiveCfg = Debug|Any CPU
		{819F28E5-5D36-4C3F-A268-0B1045B0189B}.Editor.Development|Win32.ActiveCfg = Debug|Any CPU
		{819F28E5-5D36-4C3F-A268-0B1045B0189B}.Editor.Development|Win64.ActiveCfg = Debug|Any CPU
		{819F28E5-5D36-4C3F-A268-0B1045B0189B}.Editor.Release|Any CPU.ActiveCfg = Debug|Any CPU
		{819F28E5-5D36-4C3F-A268-0B1045B0189B}.Editor.Release|UWP_x64.ActiveCfg = Debug|Any CPU
		{819F28E5-5D36-4C3F-A268-0B1045B0189B}.Editor.Release|Win32.ActiveCfg = Debug|Any CPU
		{819F28E5-5D36-4C3F-A268-0B1045B0189B}.Editor.Release|Win64.ActiveCfg = Debug|Any CPU
		{819F28E5-5D36-4C3F-A268-0B1045B0189B}.Game.Debug|Any CPU.ActiveCfg = Debug|Any CPU
		{819F28E5-5D36-4C3F-A268-0B1045B0189B}.Game.Debug|UWP_x64.ActiveCfg = Debug|Any CPU
		{819F28E5-5D36-4C3F-A268-0B1045B0189B}.Game.Debug|Win32.ActiveCfg = Debug|Any CPU
		{819F28E5-5D36-4C3F-A268-0B1045B0189B}.Game.Debug|Win64.ActiveCfg = Debug|Any CPU
		{819F28E5-5D36-4C3F-A268-0B1045B0189B}.Game.Development|Any CPU.ActiveCfg = Debug|Any CPU
		{819F28E5-5D36-4C3F-A268-0B1045B0189B}.Game.Development|UWP_x64.ActiveCfg = Debug|Any CPU
		{819F28E5-5D36-4C3F-A268-0B1045B0189B}.Game.Development|Win32.ActiveCfg = Debug|Any CPU
		{819F28E5-5D36-4C3F-A268-0B1045B0189B}.Game.Development|Win64.ActiveCfg = Debug|Any CPU
		{819F28E5-5D36-4C3F-A268-0B1045B0189B}.Game.Release|Any CPU.ActiveCfg = Debug|Any CPU
		{819F28E5-5D36-4C3F-A268-0B1045B0189B}.Game.Release|UWP_x64.ActiveCfg = Debug|Any CPU
		{819F28E5-5D36-4C3F-A268-0B1045B0189B}.Game.Release|Win32.ActiveCfg = Debug|Any CPU
		{819F28E5-5D36-4C3F-A268-0B1045B0189B}.Game.Release|Win64.ActiveCfg = Debug|Any CPU
	EndGlobalSection
	GlobalSection(SolutionProperties) = preSolution
		HideSolutionNode = FALSE
	EndGlobalSection
	GlobalSection(NestedProjects) = preSolution
	EndGlobalSection
	GlobalSection(ExtensibilityGlobals) = postSolution
		SolutionGuid = {87BAC312-5E35-41DD-84E2-4A6C0B6C979D}
	EndGlobalSection
EndGlobal
