Microsoft Visual Studio Solution File, Format Version 12.00
# Visual Studio Version 16
VisualStudioVersion = 16.0.28315.86
MinimumVisualStudioVersion = 10.0.40219.1
Project("{2150E333-8FDC-42A3-9474-1A3956D46DE8}") = "Source", "Source", "{5DF0D470-7357-4954-9A5C-C047F9879308}"
EndProject
Project("{2150E333-8FDC-42A3-9474-1A3956D46DE8}") = "Flax", "Flax", "{969692E5-CA7D-408A-973A-590878E51088}"
EndProject
Project("{2150E333-8FDC-42A3-9474-1A3956D46DE8}") = "Tools", "Tools", "{A654EAD1-B60A-4B82-B8C9-C356D1926B4B}"
EndProject
Project("{FAE04EC0-301F-11D3-BF4B-00C04F79EFBC}") = "HeroCrabPlugin", "Source\HeroCrabPlugin.csproj", "{98964FF7-CB02-45D1-9C7F-E0982B53890D}"
	ProjectSection(ProjectDependencies) = postProject
		{7BB74C7F-8259-4338-BC32-BAC36C4DB6FC} = {7BB74C7F-8259-4338-BC32-BAC36C4DB6FC}
	EndProjectSection
EndProject
Project("{FAE04EC0-301F-11D3-BF4B-00C04F79EFBC}") = "HeroCrabPluginTestsIntegration", "Source\HeroCrabPluginTestsIntegration\HeroCrabPluginTestsIntegration.csproj", "{1944F78A-D5BE-4B03-B6CA-AE8BA41C9C3C}"
EndProject
Project("{FAE04EC0-301F-11D3-BF4B-00C04F79EFBC}") = "HeroCrabPluginTestsUnit", "Source\HeroCrabPluginTestsUnit\HeroCrabPluginTestsUnit.csproj", "{E94D96A4-0C0C-4135-9375-00F8BE33B0D9}"
EndProject
Project("{FAE04EC0-301F-11D3-BF4B-00C04F79EFBC}") = "FlaxEngine", "Cache\Projects\FlaxEngine.csproj", "{7BB74C7F-8259-4338-BC32-BAC36C4DB6FC}"
EndProject
Project("{FAE04EC0-301F-11D3-BF4B-00C04F79EFBC}") = "Flax.Build", "..\..\..\FlaxEngine\Source\Tools\Flax.Build\Flax.Build.csproj", "{C99AAF92-D4AD-4847-9EE0-B11E68E93E1E}"
EndProject
Project("{FAE04EC0-301F-11D3-BF4B-00C04F79EFBC}") = "Flax.Build.Tests", "..\..\..\FlaxEngine\Source\Tools\Flax.Build.Tests\Flax.Build.Tests.csproj", "{3FB235A6-ADFF-415E-92B8-E810DA981A02}"
EndProject
Project("{FAE04EC0-301F-11D3-BF4B-00C04F79EFBC}") = "Flax.Stats", "..\..\..\FlaxEngine\Source\Tools\Flax.Stats\Flax.Stats.csproj", "{E9B47E88-802C-45E4-BFF4-F05A6F991BC9}"
EndProject
Project("{FAE04EC0-301F-11D3-BF4B-00C04F79EFBC}") = "FlaxEngine.Tests", "..\..\..\FlaxEngine\Source\Tools\FlaxEngine.Tests\FlaxEngine.Tests.csproj", "{4AAED6A2-38B1-4A31-AB04-9264A94A8ECA}"
EndProject
Project("{FAE04EC0-301F-11D3-BF4B-00C04F79EFBC}") = "BuildScripts", "Cache\Projects\BuildScripts.csproj", "{819F28E5-5D36-4C3F-A268-0B1045B0189B}"
EndProject
Global
	GlobalSection(SolutionConfigurationPlatforms) = preSolution
		Debug|Any CPU = Debug|Any CPU
		Debug|UWP_x64 = Debug|UWP_x64
		Debug|Win32 = Debug|Win32
		Debug|Win64 = Debug|Win64
		Debug|XboxOne = Debug|XboxOne
		Editor.Debug|Any CPU = Editor.Debug|Any CPU
		Editor.Debug|UWP_x64 = Editor.Debug|UWP_x64
		Editor.Debug|Win32 = Editor.Debug|Win32
		Editor.Debug|Win64 = Editor.Debug|Win64
		Editor.Debug|XboxOne = Editor.Debug|XboxOne
		Editor.Development|Any CPU = Editor.Development|Any CPU
		Editor.Development|UWP_x64 = Editor.Development|UWP_x64
		Editor.Development|Win32 = Editor.Development|Win32
		Editor.Development|Win64 = Editor.Development|Win64
		Editor.Development|XboxOne = Editor.Development|XboxOne
		Editor.Release|Any CPU = Editor.Release|Any CPU
		Editor.Release|UWP_x64 = Editor.Release|UWP_x64
		Editor.Release|Win32 = Editor.Release|Win32
		Editor.Release|Win64 = Editor.Release|Win64
		Editor.Release|XboxOne = Editor.Release|XboxOne
		Game.Debug|Any CPU = Game.Debug|Any CPU
		Game.Debug|UWP_x64 = Game.Debug|UWP_x64
		Game.Debug|Win32 = Game.Debug|Win32
		Game.Debug|Win64 = Game.Debug|Win64
		Game.Debug|XboxOne = Game.Debug|XboxOne
		Game.Development|Any CPU = Game.Development|Any CPU
		Game.Development|UWP_x64 = Game.Development|UWP_x64
		Game.Development|Win32 = Game.Development|Win32
		Game.Development|Win64 = Game.Development|Win64
		Game.Development|XboxOne = Game.Development|XboxOne
		Game.Release|Any CPU = Game.Release|Any CPU
		Game.Release|UWP_x64 = Game.Release|UWP_x64
		Game.Release|Win32 = Game.Release|Win32
		Game.Release|Win64 = Game.Release|Win64
		Game.Release|XboxOne = Game.Release|XboxOne
		Release|Any CPU = Release|Any CPU
		Release|UWP_x64 = Release|UWP_x64
		Release|Win32 = Release|Win32
		Release|Win64 = Release|Win64
		Release|XboxOne = Release|XboxOne
	EndGlobalSection
	GlobalSection(ProjectConfigurationPlatforms) = postSolution
		{98964FF7-CB02-45D1-9C7F-E0982B53890D}.Debug|Any CPU.ActiveCfg = Editor.Windows.Debug|x64
		{98964FF7-CB02-45D1-9C7F-E0982B53890D}.Debug|UWP_x64.ActiveCfg = Game.UWP.Debug|x64
		{98964FF7-CB02-45D1-9C7F-E0982B53890D}.Debug|Win32.ActiveCfg = Game.Windows.Debug|Win32
		{98964FF7-CB02-45D1-9C7F-E0982B53890D}.Debug|Win64.ActiveCfg = Editor.Windows.Debug|x64
		{98964FF7-CB02-45D1-9C7F-E0982B53890D}.Debug|XboxOne.ActiveCfg = Game.XboxOne.Debug|x64
		{98964FF7-CB02-45D1-9C7F-E0982B53890D}.Editor.Debug|Any CPU.ActiveCfg = Editor.Windows.Debug|x64
		{98964FF7-CB02-45D1-9C7F-E0982B53890D}.Editor.Debug|UWP_x64.ActiveCfg = Game.UWP.Debug|x64
		{98964FF7-CB02-45D1-9C7F-E0982B53890D}.Editor.Debug|Win32.ActiveCfg = Game.Windows.Debug|Win32
		{98964FF7-CB02-45D1-9C7F-E0982B53890D}.Editor.Debug|Win64.ActiveCfg = Editor.Windows.Debug|x64
		{98964FF7-CB02-45D1-9C7F-E0982B53890D}.Editor.Debug|Win64.Build.0 = Editor.Windows.Debug|x64
		{98964FF7-CB02-45D1-9C7F-E0982B53890D}.Editor.Debug|XboxOne.ActiveCfg = Game.XboxOne.Debug|x64
		{98964FF7-CB02-45D1-9C7F-E0982B53890D}.Editor.Development|Any CPU.ActiveCfg = Editor.Windows.Debug|x64
		{98964FF7-CB02-45D1-9C7F-E0982B53890D}.Editor.Development|UWP_x64.ActiveCfg = Game.UWP.Debug|x64
		{98964FF7-CB02-45D1-9C7F-E0982B53890D}.Editor.Development|Win32.ActiveCfg = Game.Windows.Debug|Win32
		{98964FF7-CB02-45D1-9C7F-E0982B53890D}.Editor.Development|Win64.ActiveCfg = Editor.Windows.Development|x64
		{98964FF7-CB02-45D1-9C7F-E0982B53890D}.Editor.Development|Win64.Build.0 = Editor.Windows.Development|x64
		{98964FF7-CB02-45D1-9C7F-E0982B53890D}.Editor.Development|XboxOne.ActiveCfg = Game.XboxOne.Debug|x64
		{98964FF7-CB02-45D1-9C7F-E0982B53890D}.Editor.Release|Any CPU.ActiveCfg = Editor.Windows.Debug|x64
		{98964FF7-CB02-45D1-9C7F-E0982B53890D}.Editor.Release|UWP_x64.ActiveCfg = Game.UWP.Debug|x64
		{98964FF7-CB02-45D1-9C7F-E0982B53890D}.Editor.Release|Win32.ActiveCfg = Game.Windows.Debug|Win32
		{98964FF7-CB02-45D1-9C7F-E0982B53890D}.Editor.Release|Win64.ActiveCfg = Editor.Windows.Release|x64
		{98964FF7-CB02-45D1-9C7F-E0982B53890D}.Editor.Release|Win64.Build.0 = Editor.Windows.Release|x64
		{98964FF7-CB02-45D1-9C7F-E0982B53890D}.Editor.Release|XboxOne.ActiveCfg = Game.XboxOne.Debug|x64
		{98964FF7-CB02-45D1-9C7F-E0982B53890D}.Game.Debug|Any CPU.ActiveCfg = Editor.Windows.Debug|x64
		{98964FF7-CB02-45D1-9C7F-E0982B53890D}.Game.Debug|UWP_x64.ActiveCfg = Game.UWP.Debug|x64
		{98964FF7-CB02-45D1-9C7F-E0982B53890D}.Game.Debug|UWP_x64.Build.0 = Game.UWP.Debug|x64
		{98964FF7-CB02-45D1-9C7F-E0982B53890D}.Game.Debug|Win32.ActiveCfg = Game.Windows.Debug|Win32
		{98964FF7-CB02-45D1-9C7F-E0982B53890D}.Game.Debug|Win32.Build.0 = Game.Windows.Debug|Win32
		{98964FF7-CB02-45D1-9C7F-E0982B53890D}.Game.Debug|Win64.ActiveCfg = Game.Windows.Debug|x64
		{98964FF7-CB02-45D1-9C7F-E0982B53890D}.Game.Debug|Win64.Build.0 = Game.Windows.Debug|x64
		{98964FF7-CB02-45D1-9C7F-E0982B53890D}.Game.Debug|XboxOne.ActiveCfg = Game.XboxOne.Debug|x64
		{98964FF7-CB02-45D1-9C7F-E0982B53890D}.Game.Debug|XboxOne.Build.0 = Game.XboxOne.Debug|x64
		{98964FF7-CB02-45D1-9C7F-E0982B53890D}.Game.Development|Any CPU.ActiveCfg = Editor.Windows.Debug|x64
		{98964FF7-CB02-45D1-9C7F-E0982B53890D}.Game.Development|UWP_x64.ActiveCfg = Game.UWP.Development|x64
		{98964FF7-CB02-45D1-9C7F-E0982B53890D}.Game.Development|UWP_x64.Build.0 = Game.UWP.Development|x64
		{98964FF7-CB02-45D1-9C7F-E0982B53890D}.Game.Development|Win32.ActiveCfg = Game.Windows.Development|Win32
		{98964FF7-CB02-45D1-9C7F-E0982B53890D}.Game.Development|Win32.Build.0 = Game.Windows.Development|Win32
		{98964FF7-CB02-45D1-9C7F-E0982B53890D}.Game.Development|Win64.ActiveCfg = Game.Windows.Development|x64
		{98964FF7-CB02-45D1-9C7F-E0982B53890D}.Game.Development|Win64.Build.0 = Game.Windows.Development|x64
		{98964FF7-CB02-45D1-9C7F-E0982B53890D}.Game.Development|XboxOne.ActiveCfg = Game.XboxOne.Development|x64
		{98964FF7-CB02-45D1-9C7F-E0982B53890D}.Game.Development|XboxOne.Build.0 = Game.XboxOne.Development|x64
		{98964FF7-CB02-45D1-9C7F-E0982B53890D}.Game.Release|Any CPU.ActiveCfg = Editor.Windows.Debug|x64
		{98964FF7-CB02-45D1-9C7F-E0982B53890D}.Game.Release|UWP_x64.ActiveCfg = Game.UWP.Release|x64
		{98964FF7-CB02-45D1-9C7F-E0982B53890D}.Game.Release|UWP_x64.Build.0 = Game.UWP.Release|x64
		{98964FF7-CB02-45D1-9C7F-E0982B53890D}.Game.Release|Win32.ActiveCfg = Game.Windows.Release|Win32
		{98964FF7-CB02-45D1-9C7F-E0982B53890D}.Game.Release|Win32.Build.0 = Game.Windows.Release|Win32
		{98964FF7-CB02-45D1-9C7F-E0982B53890D}.Game.Release|Win64.ActiveCfg = Game.Windows.Release|x64
		{98964FF7-CB02-45D1-9C7F-E0982B53890D}.Game.Release|Win64.Build.0 = Game.Windows.Release|x64
		{98964FF7-CB02-45D1-9C7F-E0982B53890D}.Game.Release|XboxOne.ActiveCfg = Game.XboxOne.Release|x64
		{98964FF7-CB02-45D1-9C7F-E0982B53890D}.Game.Release|XboxOne.Build.0 = Game.XboxOne.Release|x64
		{98964FF7-CB02-45D1-9C7F-E0982B53890D}.Release|Any CPU.ActiveCfg = Editor.Windows.Debug|x64
		{98964FF7-CB02-45D1-9C7F-E0982B53890D}.Release|UWP_x64.ActiveCfg = Game.UWP.Debug|x64
		{98964FF7-CB02-45D1-9C7F-E0982B53890D}.Release|Win32.ActiveCfg = Game.Windows.Debug|Win32
		{98964FF7-CB02-45D1-9C7F-E0982B53890D}.Release|Win64.ActiveCfg = Editor.Windows.Debug|x64
		{98964FF7-CB02-45D1-9C7F-E0982B53890D}.Release|XboxOne.ActiveCfg = Game.XboxOne.Debug|x64
		{1944F78A-D5BE-4B03-B6CA-AE8BA41C9C3C}.Debug|Any CPU.ActiveCfg = Debug|Any CPU
		{1944F78A-D5BE-4B03-B6CA-AE8BA41C9C3C}.Debug|UWP_x64.ActiveCfg = Debug|Any CPU
		{1944F78A-D5BE-4B03-B6CA-AE8BA41C9C3C}.Debug|Win32.ActiveCfg = Debug|Any CPU
		{1944F78A-D5BE-4B03-B6CA-AE8BA41C9C3C}.Debug|Win64.ActiveCfg = Debug|Any CPU
		{1944F78A-D5BE-4B03-B6CA-AE8BA41C9C3C}.Debug|XboxOne.ActiveCfg = Debug|Any CPU
		{1944F78A-D5BE-4B03-B6CA-AE8BA41C9C3C}.Editor.Debug|Any CPU.ActiveCfg = Debug|Any CPU
		{1944F78A-D5BE-4B03-B6CA-AE8BA41C9C3C}.Editor.Debug|UWP_x64.ActiveCfg = Debug|Any CPU
		{1944F78A-D5BE-4B03-B6CA-AE8BA41C9C3C}.Editor.Debug|Win32.ActiveCfg = Debug|Any CPU
		{1944F78A-D5BE-4B03-B6CA-AE8BA41C9C3C}.Editor.Debug|Win64.ActiveCfg = Debug|Any CPU
		{1944F78A-D5BE-4B03-B6CA-AE8BA41C9C3C}.Editor.Debug|XboxOne.ActiveCfg = Debug|Any CPU
		{1944F78A-D5BE-4B03-B6CA-AE8BA41C9C3C}.Editor.Development|Any CPU.ActiveCfg = Debug|Any CPU
		{1944F78A-D5BE-4B03-B6CA-AE8BA41C9C3C}.Editor.Development|UWP_x64.ActiveCfg = Debug|Any CPU
		{1944F78A-D5BE-4B03-B6CA-AE8BA41C9C3C}.Editor.Development|Win32.ActiveCfg = Debug|Any CPU
		{1944F78A-D5BE-4B03-B6CA-AE8BA41C9C3C}.Editor.Development|Win64.ActiveCfg = Debug|Any CPU
		{1944F78A-D5BE-4B03-B6CA-AE8BA41C9C3C}.Editor.Development|XboxOne.ActiveCfg = Debug|Any CPU
		{1944F78A-D5BE-4B03-B6CA-AE8BA41C9C3C}.Editor.Release|Any CPU.ActiveCfg = Debug|Any CPU
		{1944F78A-D5BE-4B03-B6CA-AE8BA41C9C3C}.Editor.Release|UWP_x64.ActiveCfg = Debug|Any CPU
		{1944F78A-D5BE-4B03-B6CA-AE8BA41C9C3C}.Editor.Release|Win32.ActiveCfg = Debug|Any CPU
		{1944F78A-D5BE-4B03-B6CA-AE8BA41C9C3C}.Editor.Release|Win64.ActiveCfg = Debug|Any CPU
		{1944F78A-D5BE-4B03-B6CA-AE8BA41C9C3C}.Editor.Release|XboxOne.ActiveCfg = Debug|Any CPU
		{1944F78A-D5BE-4B03-B6CA-AE8BA41C9C3C}.Game.Debug|Any CPU.ActiveCfg = Debug|Any CPU
		{1944F78A-D5BE-4B03-B6CA-AE8BA41C9C3C}.Game.Debug|UWP_x64.ActiveCfg = Debug|Any CPU
		{1944F78A-D5BE-4B03-B6CA-AE8BA41C9C3C}.Game.Debug|Win32.ActiveCfg = Debug|Any CPU
		{1944F78A-D5BE-4B03-B6CA-AE8BA41C9C3C}.Game.Debug|Win64.ActiveCfg = Debug|Any CPU
		{1944F78A-D5BE-4B03-B6CA-AE8BA41C9C3C}.Game.Debug|XboxOne.ActiveCfg = Debug|Any CPU
		{1944F78A-D5BE-4B03-B6CA-AE8BA41C9C3C}.Game.Development|Any CPU.ActiveCfg = Debug|Any CPU
		{1944F78A-D5BE-4B03-B6CA-AE8BA41C9C3C}.Game.Development|UWP_x64.ActiveCfg = Debug|Any CPU
		{1944F78A-D5BE-4B03-B6CA-AE8BA41C9C3C}.Game.Development|Win32.ActiveCfg = Debug|Any CPU
		{1944F78A-D5BE-4B03-B6CA-AE8BA41C9C3C}.Game.Development|Win64.ActiveCfg = Debug|Any CPU
		{1944F78A-D5BE-4B03-B6CA-AE8BA41C9C3C}.Game.Development|XboxOne.ActiveCfg = Debug|Any CPU
		{1944F78A-D5BE-4B03-B6CA-AE8BA41C9C3C}.Game.Release|Any CPU.ActiveCfg = Debug|Any CPU
		{1944F78A-D5BE-4B03-B6CA-AE8BA41C9C3C}.Game.Release|UWP_x64.ActiveCfg = Debug|Any CPU
		{1944F78A-D5BE-4B03-B6CA-AE8BA41C9C3C}.Game.Release|Win32.ActiveCfg = Debug|Any CPU
		{1944F78A-D5BE-4B03-B6CA-AE8BA41C9C3C}.Game.Release|Win64.ActiveCfg = Debug|Any CPU
		{1944F78A-D5BE-4B03-B6CA-AE8BA41C9C3C}.Game.Release|XboxOne.ActiveCfg = Debug|Any CPU
		{1944F78A-D5BE-4B03-B6CA-AE8BA41C9C3C}.Release|Any CPU.ActiveCfg = Release|Any CPU
		{1944F78A-D5BE-4B03-B6CA-AE8BA41C9C3C}.Release|UWP_x64.ActiveCfg = Debug|Any CPU
		{1944F78A-D5BE-4B03-B6CA-AE8BA41C9C3C}.Release|Win32.ActiveCfg = Debug|Any CPU
		{1944F78A-D5BE-4B03-B6CA-AE8BA41C9C3C}.Release|Win64.ActiveCfg = Debug|Any CPU
		{1944F78A-D5BE-4B03-B6CA-AE8BA41C9C3C}.Release|XboxOne.ActiveCfg = Debug|Any CPU
		{E94D96A4-0C0C-4135-9375-00F8BE33B0D9}.Debug|Any CPU.ActiveCfg = Debug|Any CPU
		{E94D96A4-0C0C-4135-9375-00F8BE33B0D9}.Debug|UWP_x64.ActiveCfg = Debug|Any CPU
		{E94D96A4-0C0C-4135-9375-00F8BE33B0D9}.Debug|Win32.ActiveCfg = Debug|Any CPU
		{E94D96A4-0C0C-4135-9375-00F8BE33B0D9}.Debug|Win64.ActiveCfg = Debug|Any CPU
		{E94D96A4-0C0C-4135-9375-00F8BE33B0D9}.Debug|XboxOne.ActiveCfg = Debug|Any CPU
		{E94D96A4-0C0C-4135-9375-00F8BE33B0D9}.Editor.Debug|Any CPU.ActiveCfg = Debug|Any CPU
		{E94D96A4-0C0C-4135-9375-00F8BE33B0D9}.Editor.Debug|UWP_x64.ActiveCfg = Debug|Any CPU
		{E94D96A4-0C0C-4135-9375-00F8BE33B0D9}.Editor.Debug|Win32.ActiveCfg = Debug|Any CPU
		{E94D96A4-0C0C-4135-9375-00F8BE33B0D9}.Editor.Debug|Win64.ActiveCfg = Debug|Any CPU
		{E94D96A4-0C0C-4135-9375-00F8BE33B0D9}.Editor.Debug|XboxOne.ActiveCfg = Debug|Any CPU
		{E94D96A4-0C0C-4135-9375-00F8BE33B0D9}.Editor.Development|Any CPU.ActiveCfg = Debug|Any CPU
		{E94D96A4-0C0C-4135-9375-00F8BE33B0D9}.Editor.Development|UWP_x64.ActiveCfg = Debug|Any CPU
		{E94D96A4-0C0C-4135-9375-00F8BE33B0D9}.Editor.Development|Win32.ActiveCfg = Debug|Any CPU
		{E94D96A4-0C0C-4135-9375-00F8BE33B0D9}.Editor.Development|Win64.ActiveCfg = Debug|Any CPU
		{E94D96A4-0C0C-4135-9375-00F8BE33B0D9}.Editor.Development|XboxOne.ActiveCfg = Debug|Any CPU
		{E94D96A4-0C0C-4135-9375-00F8BE33B0D9}.Editor.Release|Any CPU.ActiveCfg = Debug|Any CPU
		{E94D96A4-0C0C-4135-9375-00F8BE33B0D9}.Editor.Release|UWP_x64.ActiveCfg = Debug|Any CPU
		{E94D96A4-0C0C-4135-9375-00F8BE33B0D9}.Editor.Release|Win32.ActiveCfg = Debug|Any CPU
		{E94D96A4-0C0C-4135-9375-00F8BE33B0D9}.Editor.Release|Win64.ActiveCfg = Debug|Any CPU
		{E94D96A4-0C0C-4135-9375-00F8BE33B0D9}.Editor.Release|XboxOne.ActiveCfg = Debug|Any CPU
		{E94D96A4-0C0C-4135-9375-00F8BE33B0D9}.Game.Debug|Any CPU.ActiveCfg = Debug|Any CPU
		{E94D96A4-0C0C-4135-9375-00F8BE33B0D9}.Game.Debug|UWP_x64.ActiveCfg = Debug|Any CPU
		{E94D96A4-0C0C-4135-9375-00F8BE33B0D9}.Game.Debug|Win32.ActiveCfg = Debug|Any CPU
		{E94D96A4-0C0C-4135-9375-00F8BE33B0D9}.Game.Debug|Win64.ActiveCfg = Debug|Any CPU
		{E94D96A4-0C0C-4135-9375-00F8BE33B0D9}.Game.Debug|XboxOne.ActiveCfg = Debug|Any CPU
		{E94D96A4-0C0C-4135-9375-00F8BE33B0D9}.Game.Development|Any CPU.ActiveCfg = Debug|Any CPU
		{E94D96A4-0C0C-4135-9375-00F8BE33B0D9}.Game.Development|UWP_x64.ActiveCfg = Debug|Any CPU
		{E94D96A4-0C0C-4135-9375-00F8BE33B0D9}.Game.Development|Win32.ActiveCfg = Debug|Any CPU
		{E94D96A4-0C0C-4135-9375-00F8BE33B0D9}.Game.Development|Win64.ActiveCfg = Debug|Any CPU
		{E94D96A4-0C0C-4135-9375-00F8BE33B0D9}.Game.Development|XboxOne.ActiveCfg = Debug|Any CPU
		{E94D96A4-0C0C-4135-9375-00F8BE33B0D9}.Game.Release|Any CPU.ActiveCfg = Debug|Any CPU
		{E94D96A4-0C0C-4135-9375-00F8BE33B0D9}.Game.Release|UWP_x64.ActiveCfg = Debug|Any CPU
		{E94D96A4-0C0C-4135-9375-00F8BE33B0D9}.Game.Release|Win32.ActiveCfg = Debug|Any CPU
		{E94D96A4-0C0C-4135-9375-00F8BE33B0D9}.Game.Release|Win64.ActiveCfg = Debug|Any CPU
		{E94D96A4-0C0C-4135-9375-00F8BE33B0D9}.Game.Release|XboxOne.ActiveCfg = Debug|Any CPU
		{E94D96A4-0C0C-4135-9375-00F8BE33B0D9}.Release|Any CPU.ActiveCfg = Release|Any CPU
		{E94D96A4-0C0C-4135-9375-00F8BE33B0D9}.Release|UWP_x64.ActiveCfg = Debug|Any CPU
		{E94D96A4-0C0C-4135-9375-00F8BE33B0D9}.Release|Win32.ActiveCfg = Debug|Any CPU
		{E94D96A4-0C0C-4135-9375-00F8BE33B0D9}.Release|Win64.ActiveCfg = Debug|Any CPU
		{E94D96A4-0C0C-4135-9375-00F8BE33B0D9}.Release|XboxOne.ActiveCfg = Debug|Any CPU
		{7BB74C7F-8259-4338-BC32-BAC36C4DB6FC}.Debug|Any CPU.ActiveCfg = Editor.Windows.Debug|x64
		{7BB74C7F-8259-4338-BC32-BAC36C4DB6FC}.Debug|UWP_x64.ActiveCfg = Game.UWP.Debug|x64
		{7BB74C7F-8259-4338-BC32-BAC36C4DB6FC}.Debug|Win32.ActiveCfg = Game.Windows.Debug|Win32
		{7BB74C7F-8259-4338-BC32-BAC36C4DB6FC}.Debug|Win64.ActiveCfg = Editor.Windows.Debug|x64
		{7BB74C7F-8259-4338-BC32-BAC36C4DB6FC}.Debug|XboxOne.ActiveCfg = Game.XboxOne.Debug|x64
		{7BB74C7F-8259-4338-BC32-BAC36C4DB6FC}.Editor.Debug|Any CPU.ActiveCfg = Editor.Windows.Debug|x64
		{7BB74C7F-8259-4338-BC32-BAC36C4DB6FC}.Editor.Debug|UWP_x64.ActiveCfg = Game.UWP.Debug|x64
		{7BB74C7F-8259-4338-BC32-BAC36C4DB6FC}.Editor.Debug|Win32.ActiveCfg = Game.Windows.Debug|Win32
		{7BB74C7F-8259-4338-BC32-BAC36C4DB6FC}.Editor.Debug|Win64.ActiveCfg = Editor.Windows.Debug|x64
		{7BB74C7F-8259-4338-BC32-BAC36C4DB6FC}.Editor.Debug|XboxOne.ActiveCfg = Game.XboxOne.Debug|x64
		{7BB74C7F-8259-4338-BC32-BAC36C4DB6FC}.Editor.Development|Any CPU.ActiveCfg = Editor.Windows.Debug|x64
		{7BB74C7F-8259-4338-BC32-BAC36C4DB6FC}.Editor.Development|UWP_x64.ActiveCfg = Game.UWP.Debug|x64
		{7BB74C7F-8259-4338-BC32-BAC36C4DB6FC}.Editor.Development|Win32.ActiveCfg = Game.Windows.Debug|Win32
		{7BB74C7F-8259-4338-BC32-BAC36C4DB6FC}.Editor.Development|Win64.ActiveCfg = Editor.Windows.Development|x64
		{7BB74C7F-8259-4338-BC32-BAC36C4DB6FC}.Editor.Development|XboxOne.ActiveCfg = Game.XboxOne.Debug|x64
		{7BB74C7F-8259-4338-BC32-BAC36C4DB6FC}.Editor.Release|Any CPU.ActiveCfg = Editor.Windows.Debug|x64
		{7BB74C7F-8259-4338-BC32-BAC36C4DB6FC}.Editor.Release|UWP_x64.ActiveCfg = Game.UWP.Debug|x64
		{7BB74C7F-8259-4338-BC32-BAC36C4DB6FC}.Editor.Release|Win32.ActiveCfg = Game.Windows.Debug|Win32
		{7BB74C7F-8259-4338-BC32-BAC36C4DB6FC}.Editor.Release|Win64.ActiveCfg = Editor.Windows.Release|x64
		{7BB74C7F-8259-4338-BC32-BAC36C4DB6FC}.Editor.Release|XboxOne.ActiveCfg = Game.XboxOne.Debug|x64
		{7BB74C7F-8259-4338-BC32-BAC36C4DB6FC}.Game.Debug|Any CPU.ActiveCfg = Editor.Windows.Debug|x64
		{7BB74C7F-8259-4338-BC32-BAC36C4DB6FC}.Game.Debug|UWP_x64.ActiveCfg = Game.UWP.Debug|x64
		{7BB74C7F-8259-4338-BC32-BAC36C4DB6FC}.Game.Debug|Win32.ActiveCfg = Game.Windows.Debug|Win32
		{7BB74C7F-8259-4338-BC32-BAC36C4DB6FC}.Game.Debug|Win64.ActiveCfg = Game.Windows.Debug|x64
		{7BB74C7F-8259-4338-BC32-BAC36C4DB6FC}.Game.Debug|XboxOne.ActiveCfg = Game.XboxOne.Debug|x64
		{7BB74C7F-8259-4338-BC32-BAC36C4DB6FC}.Game.Development|Any CPU.ActiveCfg = Editor.Windows.Debug|x64
		{7BB74C7F-8259-4338-BC32-BAC36C4DB6FC}.Game.Development|UWP_x64.ActiveCfg = Game.UWP.Development|x64
		{7BB74C7F-8259-4338-BC32-BAC36C4DB6FC}.Game.Development|Win32.ActiveCfg = Game.Windows.Development|Win32
		{7BB74C7F-8259-4338-BC32-BAC36C4DB6FC}.Game.Development|Win64.ActiveCfg = Game.Windows.Development|x64
		{7BB74C7F-8259-4338-BC32-BAC36C4DB6FC}.Game.Development|XboxOne.ActiveCfg = Game.XboxOne.Development|x64
		{7BB74C7F-8259-4338-BC32-BAC36C4DB6FC}.Game.Release|Any CPU.ActiveCfg = Editor.Windows.Debug|x64
		{7BB74C7F-8259-4338-BC32-BAC36C4DB6FC}.Game.Release|UWP_x64.ActiveCfg = Game.UWP.Release|x64
		{7BB74C7F-8259-4338-BC32-BAC36C4DB6FC}.Game.Release|Win32.ActiveCfg = Game.Windows.Release|Win32
		{7BB74C7F-8259-4338-BC32-BAC36C4DB6FC}.Game.Release|Win64.ActiveCfg = Game.Windows.Release|x64
		{7BB74C7F-8259-4338-BC32-BAC36C4DB6FC}.Game.Release|XboxOne.ActiveCfg = Game.XboxOne.Release|x64
		{7BB74C7F-8259-4338-BC32-BAC36C4DB6FC}.Release|Any CPU.ActiveCfg = Editor.Windows.Debug|x64
		{7BB74C7F-8259-4338-BC32-BAC36C4DB6FC}.Release|UWP_x64.ActiveCfg = Game.UWP.Debug|x64
		{7BB74C7F-8259-4338-BC32-BAC36C4DB6FC}.Release|Win32.ActiveCfg = Game.Windows.Debug|Win32
		{7BB74C7F-8259-4338-BC32-BAC36C4DB6FC}.Release|Win64.ActiveCfg = Editor.Windows.Debug|x64
		{7BB74C7F-8259-4338-BC32-BAC36C4DB6FC}.Release|XboxOne.ActiveCfg = Game.XboxOne.Debug|x64
		{C99AAF92-D4AD-4847-9EE0-B11E68E93E1E}.Debug|Any CPU.ActiveCfg = Debug|Any CPU
		{C99AAF92-D4AD-4847-9EE0-B11E68E93E1E}.Debug|UWP_x64.ActiveCfg = Debug|Any CPU
		{C99AAF92-D4AD-4847-9EE0-B11E68E93E1E}.Debug|Win32.ActiveCfg = Debug|Any CPU
		{C99AAF92-D4AD-4847-9EE0-B11E68E93E1E}.Debug|Win64.ActiveCfg = Debug|Any CPU
		{C99AAF92-D4AD-4847-9EE0-B11E68E93E1E}.Debug|XboxOne.ActiveCfg = Debug|Any CPU
		{C99AAF92-D4AD-4847-9EE0-B11E68E93E1E}.Editor.Debug|Any CPU.ActiveCfg = Debug|Any CPU
		{C99AAF92-D4AD-4847-9EE0-B11E68E93E1E}.Editor.Debug|UWP_x64.ActiveCfg = Debug|Any CPU
		{C99AAF92-D4AD-4847-9EE0-B11E68E93E1E}.Editor.Debug|Win32.ActiveCfg = Debug|Any CPU
		{C99AAF92-D4AD-4847-9EE0-B11E68E93E1E}.Editor.Debug|Win64.ActiveCfg = Debug|Any CPU
		{C99AAF92-D4AD-4847-9EE0-B11E68E93E1E}.Editor.Debug|XboxOne.ActiveCfg = Debug|Any CPU
		{C99AAF92-D4AD-4847-9EE0-B11E68E93E1E}.Editor.Development|Any CPU.ActiveCfg = Debug|Any CPU
		{C99AAF92-D4AD-4847-9EE0-B11E68E93E1E}.Editor.Development|UWP_x64.ActiveCfg = Debug|Any CPU
		{C99AAF92-D4AD-4847-9EE0-B11E68E93E1E}.Editor.Development|Win32.ActiveCfg = Debug|Any CPU
		{C99AAF92-D4AD-4847-9EE0-B11E68E93E1E}.Editor.Development|Win64.ActiveCfg = Debug|Any CPU
		{C99AAF92-D4AD-4847-9EE0-B11E68E93E1E}.Editor.Development|XboxOne.ActiveCfg = Debug|Any CPU
		{C99AAF92-D4AD-4847-9EE0-B11E68E93E1E}.Editor.Release|Any CPU.ActiveCfg = Debug|Any CPU
		{C99AAF92-D4AD-4847-9EE0-B11E68E93E1E}.Editor.Release|UWP_x64.ActiveCfg = Debug|Any CPU
		{C99AAF92-D4AD-4847-9EE0-B11E68E93E1E}.Editor.Release|Win32.ActiveCfg = Debug|Any CPU
		{C99AAF92-D4AD-4847-9EE0-B11E68E93E1E}.Editor.Release|Win64.ActiveCfg = Debug|Any CPU
		{C99AAF92-D4AD-4847-9EE0-B11E68E93E1E}.Editor.Release|XboxOne.ActiveCfg = Debug|Any CPU
		{C99AAF92-D4AD-4847-9EE0-B11E68E93E1E}.Game.Debug|Any CPU.ActiveCfg = Debug|Any CPU
		{C99AAF92-D4AD-4847-9EE0-B11E68E93E1E}.Game.Debug|UWP_x64.ActiveCfg = Debug|Any CPU
		{C99AAF92-D4AD-4847-9EE0-B11E68E93E1E}.Game.Debug|Win32.ActiveCfg = Debug|Any CPU
		{C99AAF92-D4AD-4847-9EE0-B11E68E93E1E}.Game.Debug|Win64.ActiveCfg = Debug|Any CPU
		{C99AAF92-D4AD-4847-9EE0-B11E68E93E1E}.Game.Debug|XboxOne.ActiveCfg = Debug|Any CPU
		{C99AAF92-D4AD-4847-9EE0-B11E68E93E1E}.Game.Development|Any CPU.ActiveCfg = Debug|Any CPU
		{C99AAF92-D4AD-4847-9EE0-B11E68E93E1E}.Game.Development|UWP_x64.ActiveCfg = Debug|Any CPU
		{C99AAF92-D4AD-4847-9EE0-B11E68E93E1E}.Game.Development|Win32.ActiveCfg = Debug|Any CPU
		{C99AAF92-D4AD-4847-9EE0-B11E68E93E1E}.Game.Development|Win64.ActiveCfg = Debug|Any CPU
		{C99AAF92-D4AD-4847-9EE0-B11E68E93E1E}.Game.Development|XboxOne.ActiveCfg = Debug|Any CPU
		{C99AAF92-D4AD-4847-9EE0-B11E68E93E1E}.Game.Release|Any CPU.ActiveCfg = Debug|Any CPU
		{C99AAF92-D4AD-4847-9EE0-B11E68E93E1E}.Game.Release|UWP_x64.ActiveCfg = Debug|Any CPU
		{C99AAF92-D4AD-4847-9EE0-B11E68E93E1E}.Game.Release|Win32.ActiveCfg = Debug|Any CPU
		{C99AAF92-D4AD-4847-9EE0-B11E68E93E1E}.Game.Release|Win64.ActiveCfg = Debug|Any CPU
		{C99AAF92-D4AD-4847-9EE0-B11E68E93E1E}.Game.Release|XboxOne.ActiveCfg = Debug|Any CPU
		{C99AAF92-D4AD-4847-9EE0-B11E68E93E1E}.Release|Any CPU.ActiveCfg = Release|Any CPU
		{C99AAF92-D4AD-4847-9EE0-B11E68E93E1E}.Release|UWP_x64.ActiveCfg = Debug|Any CPU
		{C99AAF92-D4AD-4847-9EE0-B11E68E93E1E}.Release|Win32.ActiveCfg = Debug|Any CPU
		{C99AAF92-D4AD-4847-9EE0-B11E68E93E1E}.Release|Win64.ActiveCfg = Debug|Any CPU
		{C99AAF92-D4AD-4847-9EE0-B11E68E93E1E}.Release|XboxOne.ActiveCfg = Debug|Any CPU
		{3FB235A6-ADFF-415E-92B8-E810DA981A02}.Debug|Any CPU.ActiveCfg = Debug|Any CPU
		{3FB235A6-ADFF-415E-92B8-E810DA981A02}.Debug|UWP_x64.ActiveCfg = Debug|Any CPU
		{3FB235A6-ADFF-415E-92B8-E810DA981A02}.Debug|Win32.ActiveCfg = Debug|Any CPU
		{3FB235A6-ADFF-415E-92B8-E810DA981A02}.Debug|Win64.ActiveCfg = Debug|Any CPU
		{3FB235A6-ADFF-415E-92B8-E810DA981A02}.Debug|XboxOne.ActiveCfg = Debug|Any CPU
		{3FB235A6-ADFF-415E-92B8-E810DA981A02}.Editor.Debug|Any CPU.ActiveCfg = Debug|Any CPU
		{3FB235A6-ADFF-415E-92B8-E810DA981A02}.Editor.Debug|UWP_x64.ActiveCfg = Debug|Any CPU
		{3FB235A6-ADFF-415E-92B8-E810DA981A02}.Editor.Debug|Win32.ActiveCfg = Debug|Any CPU
		{3FB235A6-ADFF-415E-92B8-E810DA981A02}.Editor.Debug|Win64.ActiveCfg = Debug|Any CPU
		{3FB235A6-ADFF-415E-92B8-E810DA981A02}.Editor.Debug|XboxOne.ActiveCfg = Debug|Any CPU
		{3FB235A6-ADFF-415E-92B8-E810DA981A02}.Editor.Development|Any CPU.ActiveCfg = Debug|Any CPU
		{3FB235A6-ADFF-415E-92B8-E810DA981A02}.Editor.Development|UWP_x64.ActiveCfg = Debug|Any CPU
		{3FB235A6-ADFF-415E-92B8-E810DA981A02}.Editor.Development|Win32.ActiveCfg = Debug|Any CPU
		{3FB235A6-ADFF-415E-92B8-E810DA981A02}.Editor.Development|Win64.ActiveCfg = Debug|Any CPU
		{3FB235A6-ADFF-415E-92B8-E810DA981A02}.Editor.Development|XboxOne.ActiveCfg = Debug|Any CPU
		{3FB235A6-ADFF-415E-92B8-E810DA981A02}.Editor.Release|Any CPU.ActiveCfg = Debug|Any CPU
		{3FB235A6-ADFF-415E-92B8-E810DA981A02}.Editor.Release|UWP_x64.ActiveCfg = Debug|Any CPU
		{3FB235A6-ADFF-415E-92B8-E810DA981A02}.Editor.Release|Win32.ActiveCfg = Debug|Any CPU
		{3FB235A6-ADFF-415E-92B8-E810DA981A02}.Editor.Release|Win64.ActiveCfg = Debug|Any CPU
		{3FB235A6-ADFF-415E-92B8-E810DA981A02}.Editor.Release|XboxOne.ActiveCfg = Debug|Any CPU
		{3FB235A6-ADFF-415E-92B8-E810DA981A02}.Game.Debug|Any CPU.ActiveCfg = Debug|Any CPU
		{3FB235A6-ADFF-415E-92B8-E810DA981A02}.Game.Debug|UWP_x64.ActiveCfg = Debug|Any CPU
		{3FB235A6-ADFF-415E-92B8-E810DA981A02}.Game.Debug|Win32.ActiveCfg = Debug|Any CPU
		{3FB235A6-ADFF-415E-92B8-E810DA981A02}.Game.Debug|Win64.ActiveCfg = Debug|Any CPU
		{3FB235A6-ADFF-415E-92B8-E810DA981A02}.Game.Debug|XboxOne.ActiveCfg = Debug|Any CPU
		{3FB235A6-ADFF-415E-92B8-E810DA981A02}.Game.Development|Any CPU.ActiveCfg = Debug|Any CPU
		{3FB235A6-ADFF-415E-92B8-E810DA981A02}.Game.Development|UWP_x64.ActiveCfg = Debug|Any CPU
		{3FB235A6-ADFF-415E-92B8-E810DA981A02}.Game.Development|Win32.ActiveCfg = Debug|Any CPU
		{3FB235A6-ADFF-415E-92B8-E810DA981A02}.Game.Development|Win64.ActiveCfg = Debug|Any CPU
		{3FB235A6-ADFF-415E-92B8-E810DA981A02}.Game.Development|XboxOne.ActiveCfg = Debug|Any CPU
		{3FB235A6-ADFF-415E-92B8-E810DA981A02}.Game.Release|Any CPU.ActiveCfg = Debug|Any CPU
		{3FB235A6-ADFF-415E-92B8-E810DA981A02}.Game.Release|UWP_x64.ActiveCfg = Debug|Any CPU
		{3FB235A6-ADFF-415E-92B8-E810DA981A02}.Game.Release|Win32.ActiveCfg = Debug|Any CPU
		{3FB235A6-ADFF-415E-92B8-E810DA981A02}.Game.Release|Win64.ActiveCfg = Debug|Any CPU
		{3FB235A6-ADFF-415E-92B8-E810DA981A02}.Game.Release|XboxOne.ActiveCfg = Debug|Any CPU
		{3FB235A6-ADFF-415E-92B8-E810DA981A02}.Release|Any CPU.ActiveCfg = Release|Any CPU
		{3FB235A6-ADFF-415E-92B8-E810DA981A02}.Release|UWP_x64.ActiveCfg = Debug|Any CPU
		{3FB235A6-ADFF-415E-92B8-E810DA981A02}.Release|Win32.ActiveCfg = Debug|Any CPU
		{3FB235A6-ADFF-415E-92B8-E810DA981A02}.Release|Win64.ActiveCfg = Debug|Any CPU
		{3FB235A6-ADFF-415E-92B8-E810DA981A02}.Release|XboxOne.ActiveCfg = Debug|Any CPU
		{E9B47E88-802C-45E4-BFF4-F05A6F991BC9}.Debug|Any CPU.ActiveCfg = Debug|Any CPU
		{E9B47E88-802C-45E4-BFF4-F05A6F991BC9}.Debug|UWP_x64.ActiveCfg = Debug|Any CPU
		{E9B47E88-802C-45E4-BFF4-F05A6F991BC9}.Debug|Win32.ActiveCfg = Debug|Any CPU
		{E9B47E88-802C-45E4-BFF4-F05A6F991BC9}.Debug|Win64.ActiveCfg = Debug|Any CPU
		{E9B47E88-802C-45E4-BFF4-F05A6F991BC9}.Debug|XboxOne.ActiveCfg = Debug|Any CPU
		{E9B47E88-802C-45E4-BFF4-F05A6F991BC9}.Editor.Debug|Any CPU.ActiveCfg = Debug|Any CPU
		{E9B47E88-802C-45E4-BFF4-F05A6F991BC9}.Editor.Debug|UWP_x64.ActiveCfg = Debug|Any CPU
		{E9B47E88-802C-45E4-BFF4-F05A6F991BC9}.Editor.Debug|Win32.ActiveCfg = Debug|Any CPU
		{E9B47E88-802C-45E4-BFF4-F05A6F991BC9}.Editor.Debug|Win64.ActiveCfg = Debug|Any CPU
		{E9B47E88-802C-45E4-BFF4-F05A6F991BC9}.Editor.Debug|XboxOne.ActiveCfg = Debug|Any CPU
		{E9B47E88-802C-45E4-BFF4-F05A6F991BC9}.Editor.Development|Any CPU.ActiveCfg = Debug|Any CPU
		{E9B47E88-802C-45E4-BFF4-F05A6F991BC9}.Editor.Development|UWP_x64.ActiveCfg = Debug|Any CPU
		{E9B47E88-802C-45E4-BFF4-F05A6F991BC9}.Editor.Development|Win32.ActiveCfg = Debug|Any CPU
		{E9B47E88-802C-45E4-BFF4-F05A6F991BC9}.Editor.Development|Win64.ActiveCfg = Debug|Any CPU
		{E9B47E88-802C-45E4-BFF4-F05A6F991BC9}.Editor.Development|XboxOne.ActiveCfg = Debug|Any CPU
		{E9B47E88-802C-45E4-BFF4-F05A6F991BC9}.Editor.Release|Any CPU.ActiveCfg = Debug|Any CPU
		{E9B47E88-802C-45E4-BFF4-F05A6F991BC9}.Editor.Release|UWP_x64.ActiveCfg = Debug|Any CPU
		{E9B47E88-802C-45E4-BFF4-F05A6F991BC9}.Editor.Release|Win32.ActiveCfg = Debug|Any CPU
		{E9B47E88-802C-45E4-BFF4-F05A6F991BC9}.Editor.Release|Win64.ActiveCfg = Debug|Any CPU
		{E9B47E88-802C-45E4-BFF4-F05A6F991BC9}.Editor.Release|XboxOne.ActiveCfg = Debug|Any CPU
		{E9B47E88-802C-45E4-BFF4-F05A6F991BC9}.Game.Debug|Any CPU.ActiveCfg = Debug|Any CPU
		{E9B47E88-802C-45E4-BFF4-F05A6F991BC9}.Game.Debug|UWP_x64.ActiveCfg = Debug|Any CPU
		{E9B47E88-802C-45E4-BFF4-F05A6F991BC9}.Game.Debug|Win32.ActiveCfg = Debug|Any CPU
		{E9B47E88-802C-45E4-BFF4-F05A6F991BC9}.Game.Debug|Win64.ActiveCfg = Debug|Any CPU
		{E9B47E88-802C-45E4-BFF4-F05A6F991BC9}.Game.Debug|XboxOne.ActiveCfg = Debug|Any CPU
		{E9B47E88-802C-45E4-BFF4-F05A6F991BC9}.Game.Development|Any CPU.ActiveCfg = Debug|Any CPU
		{E9B47E88-802C-45E4-BFF4-F05A6F991BC9}.Game.Development|UWP_x64.ActiveCfg = Debug|Any CPU
		{E9B47E88-802C-45E4-BFF4-F05A6F991BC9}.Game.Development|Win32.ActiveCfg = Debug|Any CPU
		{E9B47E88-802C-45E4-BFF4-F05A6F991BC9}.Game.Development|Win64.ActiveCfg = Debug|Any CPU
		{E9B47E88-802C-45E4-BFF4-F05A6F991BC9}.Game.Development|XboxOne.ActiveCfg = Debug|Any CPU
		{E9B47E88-802C-45E4-BFF4-F05A6F991BC9}.Game.Release|Any CPU.ActiveCfg = Debug|Any CPU
		{E9B47E88-802C-45E4-BFF4-F05A6F991BC9}.Game.Release|UWP_x64.ActiveCfg = Debug|Any CPU
		{E9B47E88-802C-45E4-BFF4-F05A6F991BC9}.Game.Release|Win32.ActiveCfg = Debug|Any CPU
		{E9B47E88-802C-45E4-BFF4-F05A6F991BC9}.Game.Release|Win64.ActiveCfg = Debug|Any CPU
		{E9B47E88-802C-45E4-BFF4-F05A6F991BC9}.Game.Release|XboxOne.ActiveCfg = Debug|Any CPU
		{E9B47E88-802C-45E4-BFF4-F05A6F991BC9}.Release|Any CPU.ActiveCfg = Release|Any CPU
		{E9B47E88-802C-45E4-BFF4-F05A6F991BC9}.Release|UWP_x64.ActiveCfg = Debug|Any CPU
		{E9B47E88-802C-45E4-BFF4-F05A6F991BC9}.Release|Win32.ActiveCfg = Debug|Any CPU
		{E9B47E88-802C-45E4-BFF4-F05A6F991BC9}.Release|Win64.ActiveCfg = Debug|Any CPU
		{E9B47E88-802C-45E4-BFF4-F05A6F991BC9}.Release|XboxOne.ActiveCfg = Debug|Any CPU
		{4AAED6A2-38B1-4A31-AB04-9264A94A8ECA}.Debug|Any CPU.ActiveCfg = Debug|Any CPU
		{4AAED6A2-38B1-4A31-AB04-9264A94A8ECA}.Debug|UWP_x64.ActiveCfg = Debug|Any CPU
		{4AAED6A2-38B1-4A31-AB04-9264A94A8ECA}.Debug|Win32.ActiveCfg = Debug|Any CPU
		{4AAED6A2-38B1-4A31-AB04-9264A94A8ECA}.Debug|Win64.ActiveCfg = Debug|Any CPU
		{4AAED6A2-38B1-4A31-AB04-9264A94A8ECA}.Debug|XboxOne.ActiveCfg = Debug|Any CPU
		{4AAED6A2-38B1-4A31-AB04-9264A94A8ECA}.Editor.Debug|Any CPU.ActiveCfg = Debug|Any CPU
		{4AAED6A2-38B1-4A31-AB04-9264A94A8ECA}.Editor.Debug|UWP_x64.ActiveCfg = Debug|Any CPU
		{4AAED6A2-38B1-4A31-AB04-9264A94A8ECA}.Editor.Debug|Win32.ActiveCfg = Debug|Any CPU
		{4AAED6A2-38B1-4A31-AB04-9264A94A8ECA}.Editor.Debug|Win64.ActiveCfg = Debug|Any CPU
		{4AAED6A2-38B1-4A31-AB04-9264A94A8ECA}.Editor.Debug|XboxOne.ActiveCfg = Debug|Any CPU
		{4AAED6A2-38B1-4A31-AB04-9264A94A8ECA}.Editor.Development|Any CPU.ActiveCfg = Debug|Any CPU
		{4AAED6A2-38B1-4A31-AB04-9264A94A8ECA}.Editor.Development|UWP_x64.ActiveCfg = Debug|Any CPU
		{4AAED6A2-38B1-4A31-AB04-9264A94A8ECA}.Editor.Development|Win32.ActiveCfg = Debug|Any CPU
		{4AAED6A2-38B1-4A31-AB04-9264A94A8ECA}.Editor.Development|Win64.ActiveCfg = Debug|Any CPU
		{4AAED6A2-38B1-4A31-AB04-9264A94A8ECA}.Editor.Development|XboxOne.ActiveCfg = Debug|Any CPU
		{4AAED6A2-38B1-4A31-AB04-9264A94A8ECA}.Editor.Release|Any CPU.ActiveCfg = Debug|Any CPU
		{4AAED6A2-38B1-4A31-AB04-9264A94A8ECA}.Editor.Release|UWP_x64.ActiveCfg = Debug|Any CPU
		{4AAED6A2-38B1-4A31-AB04-9264A94A8ECA}.Editor.Release|Win32.ActiveCfg = Debug|Any CPU
		{4AAED6A2-38B1-4A31-AB04-9264A94A8ECA}.Editor.Release|Win64.ActiveCfg = Debug|Any CPU
		{4AAED6A2-38B1-4A31-AB04-9264A94A8ECA}.Editor.Release|XboxOne.ActiveCfg = Debug|Any CPU
		{4AAED6A2-38B1-4A31-AB04-9264A94A8ECA}.Game.Debug|Any CPU.ActiveCfg = Debug|Any CPU
		{4AAED6A2-38B1-4A31-AB04-9264A94A8ECA}.Game.Debug|UWP_x64.ActiveCfg = Debug|Any CPU
		{4AAED6A2-38B1-4A31-AB04-9264A94A8ECA}.Game.Debug|Win32.ActiveCfg = Debug|Any CPU
		{4AAED6A2-38B1-4A31-AB04-9264A94A8ECA}.Game.Debug|Win64.ActiveCfg = Debug|Any CPU
		{4AAED6A2-38B1-4A31-AB04-9264A94A8ECA}.Game.Debug|XboxOne.ActiveCfg = Debug|Any CPU
		{4AAED6A2-38B1-4A31-AB04-9264A94A8ECA}.Game.Development|Any CPU.ActiveCfg = Debug|Any CPU
		{4AAED6A2-38B1-4A31-AB04-9264A94A8ECA}.Game.Development|UWP_x64.ActiveCfg = Debug|Any CPU
		{4AAED6A2-38B1-4A31-AB04-9264A94A8ECA}.Game.Development|Win32.ActiveCfg = Debug|Any CPU
		{4AAED6A2-38B1-4A31-AB04-9264A94A8ECA}.Game.Development|Win64.ActiveCfg = Debug|Any CPU
		{4AAED6A2-38B1-4A31-AB04-9264A94A8ECA}.Game.Development|XboxOne.ActiveCfg = Debug|Any CPU
		{4AAED6A2-38B1-4A31-AB04-9264A94A8ECA}.Game.Release|Any CPU.ActiveCfg = Debug|Any CPU
		{4AAED6A2-38B1-4A31-AB04-9264A94A8ECA}.Game.Release|UWP_x64.ActiveCfg = Debug|Any CPU
		{4AAED6A2-38B1-4A31-AB04-9264A94A8ECA}.Game.Release|Win32.ActiveCfg = Debug|Any CPU
		{4AAED6A2-38B1-4A31-AB04-9264A94A8ECA}.Game.Release|Win64.ActiveCfg = Debug|Any CPU
		{4AAED6A2-38B1-4A31-AB04-9264A94A8ECA}.Game.Release|XboxOne.ActiveCfg = Debug|Any CPU
		{4AAED6A2-38B1-4A31-AB04-9264A94A8ECA}.Release|Any CPU.ActiveCfg = Release|Any CPU
		{4AAED6A2-38B1-4A31-AB04-9264A94A8ECA}.Release|UWP_x64.ActiveCfg = Debug|Any CPU
		{4AAED6A2-38B1-4A31-AB04-9264A94A8ECA}.Release|Win32.ActiveCfg = Debug|Any CPU
		{4AAED6A2-38B1-4A31-AB04-9264A94A8ECA}.Release|Win64.ActiveCfg = Debug|Any CPU
		{4AAED6A2-38B1-4A31-AB04-9264A94A8ECA}.Release|XboxOne.ActiveCfg = Debug|Any CPU
		{819F28E5-5D36-4C3F-A268-0B1045B0189B}.Debug|Any CPU.ActiveCfg = Debug|Any CPU
		{819F28E5-5D36-4C3F-A268-0B1045B0189B}.Debug|UWP_x64.ActiveCfg = Debug|Any CPU
		{819F28E5-5D36-4C3F-A268-0B1045B0189B}.Debug|Win32.ActiveCfg = Debug|Any CPU
		{819F28E5-5D36-4C3F-A268-0B1045B0189B}.Debug|Win64.ActiveCfg = Debug|Any CPU
		{819F28E5-5D36-4C3F-A268-0B1045B0189B}.Debug|XboxOne.ActiveCfg = Debug|Any CPU
		{819F28E5-5D36-4C3F-A268-0B1045B0189B}.Editor.Debug|Any CPU.ActiveCfg = Debug|Any CPU
		{819F28E5-5D36-4C3F-A268-0B1045B0189B}.Editor.Debug|UWP_x64.ActiveCfg = Debug|Any CPU
		{819F28E5-5D36-4C3F-A268-0B1045B0189B}.Editor.Debug|Win32.ActiveCfg = Debug|Any CPU
		{819F28E5-5D36-4C3F-A268-0B1045B0189B}.Editor.Debug|Win64.ActiveCfg = Debug|Any CPU
		{819F28E5-5D36-4C3F-A268-0B1045B0189B}.Editor.Debug|XboxOne.ActiveCfg = Debug|Any CPU
		{819F28E5-5D36-4C3F-A268-0B1045B0189B}.Editor.Development|Any CPU.ActiveCfg = Debug|Any CPU
		{819F28E5-5D36-4C3F-A268-0B1045B0189B}.Editor.Development|UWP_x64.ActiveCfg = Debug|Any CPU
		{819F28E5-5D36-4C3F-A268-0B1045B0189B}.Editor.Development|Win32.ActiveCfg = Debug|Any CPU
		{819F28E5-5D36-4C3F-A268-0B1045B0189B}.Editor.Development|Win64.ActiveCfg = Debug|Any CPU
		{819F28E5-5D36-4C3F-A268-0B1045B0189B}.Editor.Development|XboxOne.ActiveCfg = Debug|Any CPU
		{819F28E5-5D36-4C3F-A268-0B1045B0189B}.Editor.Release|Any CPU.ActiveCfg = Debug|Any CPU
		{819F28E5-5D36-4C3F-A268-0B1045B0189B}.Editor.Release|UWP_x64.ActiveCfg = Debug|Any CPU
		{819F28E5-5D36-4C3F-A268-0B1045B0189B}.Editor.Release|Win32.ActiveCfg = Debug|Any CPU
		{819F28E5-5D36-4C3F-A268-0B1045B0189B}.Editor.Release|Win64.ActiveCfg = Debug|Any CPU
		{819F28E5-5D36-4C3F-A268-0B1045B0189B}.Editor.Release|XboxOne.ActiveCfg = Debug|Any CPU
		{819F28E5-5D36-4C3F-A268-0B1045B0189B}.Game.Debug|Any CPU.ActiveCfg = Debug|Any CPU
		{819F28E5-5D36-4C3F-A268-0B1045B0189B}.Game.Debug|UWP_x64.ActiveCfg = Debug|Any CPU
		{819F28E5-5D36-4C3F-A268-0B1045B0189B}.Game.Debug|Win32.ActiveCfg = Debug|Any CPU
		{819F28E5-5D36-4C3F-A268-0B1045B0189B}.Game.Debug|Win64.ActiveCfg = Debug|Any CPU
		{819F28E5-5D36-4C3F-A268-0B1045B0189B}.Game.Debug|XboxOne.ActiveCfg = Debug|Any CPU
		{819F28E5-5D36-4C3F-A268-0B1045B0189B}.Game.Development|Any CPU.ActiveCfg = Debug|Any CPU
		{819F28E5-5D36-4C3F-A268-0B1045B0189B}.Game.Development|UWP_x64.ActiveCfg = Debug|Any CPU
		{819F28E5-5D36-4C3F-A268-0B1045B0189B}.Game.Development|Win32.ActiveCfg = Debug|Any CPU
		{819F28E5-5D36-4C3F-A268-0B1045B0189B}.Game.Development|Win64.ActiveCfg = Debug|Any CPU
		{819F28E5-5D36-4C3F-A268-0B1045B0189B}.Game.Development|XboxOne.ActiveCfg = Debug|Any CPU
		{819F28E5-5D36-4C3F-A268-0B1045B0189B}.Game.Release|Any CPU.ActiveCfg = Debug|Any CPU
		{819F28E5-5D36-4C3F-A268-0B1045B0189B}.Game.Release|UWP_x64.ActiveCfg = Debug|Any CPU
		{819F28E5-5D36-4C3F-A268-0B1045B0189B}.Game.Release|Win32.ActiveCfg = Debug|Any CPU
		{819F28E5-5D36-4C3F-A268-0B1045B0189B}.Game.Release|Win64.ActiveCfg = Debug|Any CPU
		{819F28E5-5D36-4C3F-A268-0B1045B0189B}.Game.Release|XboxOne.ActiveCfg = Debug|Any CPU
		{819F28E5-5D36-4C3F-A268-0B1045B0189B}.Release|Any CPU.ActiveCfg = Debug|Any CPU
		{819F28E5-5D36-4C3F-A268-0B1045B0189B}.Release|UWP_x64.ActiveCfg = Debug|Any CPU
		{819F28E5-5D36-4C3F-A268-0B1045B0189B}.Release|Win32.ActiveCfg = Debug|Any CPU
		{819F28E5-5D36-4C3F-A268-0B1045B0189B}.Release|Win64.ActiveCfg = Debug|Any CPU
		{819F28E5-5D36-4C3F-A268-0B1045B0189B}.Release|XboxOne.ActiveCfg = Debug|Any CPU
	EndGlobalSection
	GlobalSection(SolutionProperties) = preSolution
		HideSolutionNode = FALSE
	EndGlobalSection
	GlobalSection(NestedProjects) = preSolution
		{A654EAD1-B60A-4B82-B8C9-C356D1926B4B} = {969692E5-CA7D-408A-973A-590878E51088}
		{1944F78A-D5BE-4B03-B6CA-AE8BA41C9C3C} = {5DF0D470-7357-4954-9A5C-C047F9879308}
		{E94D96A4-0C0C-4135-9375-00F8BE33B0D9} = {5DF0D470-7357-4954-9A5C-C047F9879308}
		{7BB74C7F-8259-4338-BC32-BAC36C4DB6FC} = {969692E5-CA7D-408A-973A-590878E51088}
		{C99AAF92-D4AD-4847-9EE0-B11E68E93E1E} = {A654EAD1-B60A-4B82-B8C9-C356D1926B4B}
		{3FB235A6-ADFF-415E-92B8-E810DA981A02} = {A654EAD1-B60A-4B82-B8C9-C356D1926B4B}
		{E9B47E88-802C-45E4-BFF4-F05A6F991BC9} = {A654EAD1-B60A-4B82-B8C9-C356D1926B4B}
		{4AAED6A2-38B1-4A31-AB04-9264A94A8ECA} = {A654EAD1-B60A-4B82-B8C9-C356D1926B4B}
	EndGlobalSection
	GlobalSection(ExtensibilityGlobals) = postSolution
		SolutionGuid = {87BAC312-5E35-41DD-84E2-4A6C0B6C979D}
	EndGlobalSection
EndGlobal
